
Microsoft Visual Studio Solution File, Format Version 12.00
# Visual Studio Version 16
VisualStudioVersion = 16.0.30011.22
MinimumVisualStudioVersion = 10.0.40219.1
Project("{9A19103F-16F7-4668-BE54-9A1E7A4F7556}") = "everybody_codes.Web", "everybody_codes.Web\everybody_codes.Web.csproj", "{ECBF5CF3-F288-4B82-8E66-3AB278BB0B76}"
EndProject
Project("{9A19103F-16F7-4668-BE54-9A1E7A4F7556}") = "everybody_codes.Domain", "everybody_codes.Domain\everybody_codes.Domain.csproj", "{9BC804CB-2D8E-4C4A-9572-9033570DC64C}"
EndProject
Project("{9A19103F-16F7-4668-BE54-9A1E7A4F7556}") = "everybody_codes.Infrastructure", "everybody_codes.Infrastructure\everybody_codes.Infrastructure.csproj", "{BFA03B65-62BA-4265-9465-C5905674F2E4}"
EndProject
Project("{FAE04EC0-301F-11D3-BF4B-00C04F79EFBC}") = "everybody_codes.Search", "everybody_codes.Search\everybody_codes.Search.csproj", "{1F69B43D-603C-4E41-822E-276B3056792A}"
EndProject
Global
	GlobalSection(SolutionConfigurationPlatforms) = preSolution
		Debug|Any CPU = Debug|Any CPU
		Release|Any CPU = Release|Any CPU
	EndGlobalSection
	GlobalSection(ProjectConfigurationPlatforms) = postSolution
		{ECBF5CF3-F288-4B82-8E66-3AB278BB0B76}.Debug|Any CPU.ActiveCfg = Debug|Any CPU
		{ECBF5CF3-F288-4B82-8E66-3AB278BB0B76}.Debug|Any CPU.Build.0 = Debug|Any CPU
		{ECBF5CF3-F288-4B82-8E66-3AB278BB0B76}.Release|Any CPU.ActiveCfg = Release|Any CPU
		{ECBF5CF3-F288-4B82-8E66-3AB278BB0B76}.Release|Any CPU.Build.0 = Release|Any CPU
		{9BC804CB-2D8E-4C4A-9572-9033570DC64C}.Debug|Any CPU.ActiveCfg = Debug|Any CPU
		{9BC804CB-2D8E-4C4A-9572-9033570DC64C}.Debug|Any CPU.Build.0 = Debug|Any CPU
		{9BC804CB-2D8E-4C4A-9572-9033570DC64C}.Release|Any CPU.ActiveCfg = Release|Any CPU
		{9BC804CB-2D8E-4C4A-9572-9033570DC64C}.Release|Any CPU.Build.0 = Release|Any CPU
		{BFA03B65-62BA-4265-9465-C5905674F2E4}.Debug|Any CPU.ActiveCfg = Debug|Any CPU
		{BFA03B65-62BA-4265-9465-C5905674F2E4}.Debug|Any CPU.Build.0 = Debug|Any CPU
		{BFA03B65-62BA-4265-9465-C5905674F2E4}.Release|Any CPU.ActiveCfg = Release|Any CPU
		{BFA03B65-62BA-4265-9465-C5905674F2E4}.Release|Any CPU.Build.0 = Release|Any CPU
		{1F69B43D-603C-4E41-822E-276B3056792A}.Debug|Any CPU.ActiveCfg = Debug|Any CPU
		{1F69B43D-603C-4E41-822E-276B3056792A}.Debug|Any CPU.Build.0 = Debug|Any CPU
		{1F69B43D-603C-4E41-822E-276B3056792A}.Release|Any CPU.ActiveCfg = Release|Any CPU
		{1F69B43D-603C-4E41-822E-276B3056792A}.Release|Any CPU.Build.0 = Release|Any CPU
	EndGlobalSection
	GlobalSection(SolutionProperties) = preSolution
		HideSolutionNode = FALSE
	EndGlobalSection
	GlobalSection(ExtensibilityGlobals) = postSolution
		SolutionGuid = {507D6C3F-E576-4955-AFFA-D45D2213145A}
	EndGlobalSection
EndGlobal
